
Microsoft Visual Studio Solution File, Format Version 12.00
# Visual Studio Version 17
VisualStudioVersion = 17.0.31903.59
MinimumVisualStudioVersion = 10.0.40219.1
Project("{9A19103F-16F7-4668-BE54-9A1E7A4F7556}") = "ITHS-Lektion4", "ITHS-Lektion4\ITHS-Lektion4.csproj", "{FB1B4748-0AF6-4839-974D-EB962D9E65A5}"
EndProject
Project("{FAE04EC0-301F-11D3-BF4B-00C04F79EFBC}") = "LINQ", "LINQ\LINQ.csproj", "{F5286802-CD56-4FE8-921B-B650BACC64EC}"
EndProject
Global
	GlobalSection(SolutionConfigurationPlatforms) = preSolution
		Debug|Any CPU = Debug|Any CPU
		Release|Any CPU = Release|Any CPU
	EndGlobalSection
	GlobalSection(ProjectConfigurationPlatforms) = postSolution
		{FB1B4748-0AF6-4839-974D-EB962D9E65A5}.Debug|Any CPU.ActiveCfg = Debug|Any CPU
		{FB1B4748-0AF6-4839-974D-EB962D9E65A5}.Debug|Any CPU.Build.0 = Debug|Any CPU
		{FB1B4748-0AF6-4839-974D-EB962D9E65A5}.Release|Any CPU.ActiveCfg = Release|Any CPU
		{FB1B4748-0AF6-4839-974D-EB962D9E65A5}.Release|Any CPU.Build.0 = Release|Any CPU
		{F5286802-CD56-4FE8-921B-B650BACC64EC}.Debug|Any CPU.ActiveCfg = Debug|Any CPU
		{F5286802-CD56-4FE8-921B-B650BACC64EC}.Debug|Any CPU.Build.0 = Debug|Any CPU
		{F5286802-CD56-4FE8-921B-B650BACC64EC}.Release|Any CPU.ActiveCfg = Release|Any CPU
		{F5286802-CD56-4FE8-921B-B650BACC64EC}.Release|Any CPU.Build.0 = Release|Any CPU
	EndGlobalSection
	GlobalSection(SolutionProperties) = preSolution
		HideSolutionNode = FALSE
	EndGlobalSection
	GlobalSection(ExtensibilityGlobals) = postSolution
		SolutionGuid = {A4442644-7245-4749-B3D9-DB76FCD32A86}
	EndGlobalSection
EndGlobal
